// !$*UTF8*$!
{
	archiveVersion = 1;
	classes = {
	};
	objectVersion = 46;
	objects = {

/* Begin PBXBuildFile section */
		9D3B37D11D74850800187CA9 /* StudentImages in Resources */ = {isa = PBXBuildFile; fileRef = 9D3B37D01D74850800187CA9 /* StudentImages */; };
		9DFE1BC01D26D55A00F80375 /* Assets.xcassets in Resources */ = {isa = PBXBuildFile; fileRef = 9DFE1BB71D26D55A00F80375 /* Assets.xcassets */; };
		9DFE1BC11D26D55A00F80375 /* LaunchScreen.storyboard in Resources */ = {isa = PBXBuildFile; fileRef = 9DFE1BB81D26D55A00F80375 /* LaunchScreen.storyboard */; };
		9DFE1BC21D26D55A00F80375 /* Main.storyboard in Resources */ = {isa = PBXBuildFile; fileRef = 9DFE1BBA1D26D55A00F80375 /* Main.storyboard */; };
		9DFE1BC41D26D55A00F80375 /* AppDelegate.swift in Sources */ = {isa = PBXBuildFile; fileRef = 9DFE1BBE1D26D55A00F80375 /* AppDelegate.swift */; };
		9DFE1BC81D26D81000F80375 /* StudentCell.swift in Sources */ = {isa = PBXBuildFile; fileRef = 9DFE1BC71D26D81000F80375 /* StudentCell.swift */; };
		9DFE1BCA1D26D84500F80375 /* StudentsCollectionViewController.swift in Sources */ = {isa = PBXBuildFile; fileRef = 9DFE1BC91D26D84500F80375 /* StudentsCollectionViewController.swift */; };
/* End PBXBuildFile section */

/* Begin PBXFileReference section */
		9D3B37D01D74850800187CA9 /* StudentImages */ = {isa = PBXFileReference; lastKnownFileType = folder; path = StudentImages; sourceTree = "<group>"; };
		9DFE1BA11D26D51600F80375 /* StudentList.app */ = {isa = PBXFileReference; explicitFileType = wrapper.application; includeInIndex = 0; path = StudentList.app; sourceTree = BUILT_PRODUCTS_DIR; };
		9DFE1BB71D26D55A00F80375 /* Assets.xcassets */ = {isa = PBXFileReference; lastKnownFileType = folder.assetcatalog; path = Assets.xcassets; sourceTree = "<group>"; };
		9DFE1BB91D26D55A00F80375 /* Base */ = {isa = PBXFileReference; lastKnownFileType = file.storyboard; name = Base; path = Base.lproj/LaunchScreen.storyboard; sourceTree = "<group>"; };
		9DFE1BBB1D26D55A00F80375 /* Base */ = {isa = PBXFileReference; lastKnownFileType = file.storyboard; name = Base; path = Base.lproj/Main.storyboard; sourceTree = "<group>"; };
		9DFE1BBC1D26D55A00F80375 /* Info.plist */ = {isa = PBXFileReference; fileEncoding = 4; lastKnownFileType = text.plist.xml; path = Info.plist; sourceTree = "<group>"; };
		9DFE1BBE1D26D55A00F80375 /* AppDelegate.swift */ = {isa = PBXFileReference; fileEncoding = 4; lastKnownFileType = sourcecode.swift; path = AppDelegate.swift; sourceTree = "<group>"; };
		9DFE1BC71D26D81000F80375 /* StudentCell.swift */ = {isa = PBXFileReference; fileEncoding = 4; lastKnownFileType = sourcecode.swift; path = StudentCell.swift; sourceTree = "<group>"; };
		9DFE1BC91D26D84500F80375 /* StudentsCollectionViewController.swift */ = {isa = PBXFileReference; fileEncoding = 4; lastKnownFileType = sourcecode.swift; path = StudentsCollectionViewController.swift; sourceTree = "<group>"; };
/* End PBXFileReference section */

/* Begin PBXFrameworksBuildPhase section */
		9DFE1B9E1D26D51600F80375 /* Frameworks */ = {
			isa = PBXFrameworksBuildPhase;
			buildActionMask = 2147483647;
			files = (
			);
			runOnlyForDeploymentPostprocessing = 0;
		};
/* End PBXFrameworksBuildPhase section */

/* Begin PBXGroup section */
		9DFE1B981D26D51600F80375 = {
			isa = PBXGroup;
			children = (
				9DFE1BBD1D26D55A00F80375 /* Sources */,
				9DFE1BB61D26D55A00F80375 /* Resources */,
				9DFE1BA21D26D51600F80375 /* Products */,
			);
			sourceTree = "<group>";
		};
		9DFE1BA21D26D51600F80375 /* Products */ = {
			isa = PBXGroup;
			children = (
				9DFE1BA11D26D51600F80375 /* StudentList.app */,
			);
			name = Products;
			sourceTree = "<group>";
		};
		9DFE1BB61D26D55A00F80375 /* Resources */ = {
			isa = PBXGroup;
			children = (
				9D3B37D01D74850800187CA9 /* StudentImages */,
				9DFE1BC61D26D77B00F80375 /* Storyboards */,
				9DFE1BB71D26D55A00F80375 /* Assets.xcassets */,
				9DFE1BBC1D26D55A00F80375 /* Info.plist */,
			);
			path = Resources;
			sourceTree = "<group>";
		};
		9DFE1BBD1D26D55A00F80375 /* Sources */ = {
			isa = PBXGroup;
			children = (
				9DFE1BBE1D26D55A00F80375 /* AppDelegate.swift */,
				9DFE1BC71D26D81000F80375 /* StudentCell.swift */,
				9DFE1BC91D26D84500F80375 /* StudentsCollectionViewController.swift */,
			);
			path = Sources;
			sourceTree = "<group>";
		};
		9DFE1BC61D26D77B00F80375 /* Storyboards */ = {
			isa = PBXGroup;
			children = (
				9DFE1BBA1D26D55A00F80375 /* Main.storyboard */,
				9DFE1BB81D26D55A00F80375 /* LaunchScreen.storyboard */,
			);
			name = Storyboards;
			sourceTree = "<group>";
		};
/* End PBXGroup section */

/* Begin PBXNativeTarget section */
		9DFE1BA01D26D51600F80375 /* StudentList */ = {
			isa = PBXNativeTarget;
			buildConfigurationList = 9DFE1BB31D26D51600F80375 /* Build configuration list for PBXNativeTarget "StudentList" */;
			buildPhases = (
				9DFE1B9D1D26D51600F80375 /* Sources */,
				9DFE1B9E1D26D51600F80375 /* Frameworks */,
				9DFE1B9F1D26D51600F80375 /* Resources */,
			);
			buildRules = (
			);
			dependencies = (
			);
			name = StudentList;
			productName = StudentList;
			productReference = 9DFE1BA11D26D51600F80375 /* StudentList.app */;
			productType = "com.apple.product-type.application";
		};
/* End PBXNativeTarget section */

/* Begin PBXProject section */
		9DFE1B991D26D51600F80375 /* Project object */ = {
			isa = PBXProject;
			attributes = {
				LastSwiftUpdateCheck = 0730;
				LastUpgradeCheck = 0730;
				ORGANIZATIONNAME = DevMountain;
				TargetAttributes = {
					9DFE1BA01D26D51600F80375 = {
						CreatedOnToolsVersion = 7.3.1;
						LastSwiftMigration = 0800;
					};
				};
			};
			buildConfigurationList = 9DFE1B9C1D26D51600F80375 /* Build configuration list for PBXProject "StudentList" */;
			compatibilityVersion = "Xcode 3.2";
			developmentRegion = English;
			hasScannedForEncodings = 0;
			knownRegions = (
				en,
				Base,
			);
			mainGroup = 9DFE1B981D26D51600F80375;
			productRefGroup = 9DFE1BA21D26D51600F80375 /* Products */;
			projectDirPath = "";
			projectRoot = "";
			targets = (
				9DFE1BA01D26D51600F80375 /* StudentList */,
			);
		};
/* End PBXProject section */

/* Begin PBXResourcesBuildPhase section */
		9DFE1B9F1D26D51600F80375 /* Resources */ = {
			isa = PBXResourcesBuildPhase;
			buildActionMask = 2147483647;
			files = (
				9DFE1BC21D26D55A00F80375 /* Main.storyboard in Resources */,
				9DFE1BC01D26D55A00F80375 /* Assets.xcassets in Resources */,
				9D3B37D11D74850800187CA9 /* StudentImages in Resources */,
				9DFE1BC11D26D55A00F80375 /* LaunchScreen.storyboard in Resources */,
			);
			runOnlyForDeploymentPostprocessing = 0;
		};
/* End PBXResourcesBuildPhase section */

/* Begin PBXSourcesBuildPhase section */
		9DFE1B9D1D26D51600F80375 /* Sources */ = {
			isa = PBXSourcesBuildPhase;
			buildActionMask = 2147483647;
			files = (
				9DFE1BC41D26D55A00F80375 /* AppDelegate.swift in Sources */,
				9DFE1BC81D26D81000F80375 /* StudentCell.swift in Sources */,
				9DFE1BCA1D26D84500F80375 /* StudentsCollectionViewController.swift in Sources */,
			);
			runOnlyForDeploymentPostprocessing = 0;
		};
/* End PBXSourcesBuildPhase section */

/* Begin PBXVariantGroup section */
		9DFE1BB81D26D55A00F80375 /* LaunchScreen.storyboard */ = {
			isa = PBXVariantGroup;
			children = (
				9DFE1BB91D26D55A00F80375 /* Base */,
			);
			name = LaunchScreen.storyboard;
			sourceTree = "<group>";
		};
		9DFE1BBA1D26D55A00F80375 /* Main.storyboard */ = {
			isa = PBXVariantGroup;
			children = (
				9DFE1BBB1D26D55A00F80375 /* Base */,
			);
			name = Main.storyboard;
			sourceTree = "<group>";
		};
/* End PBXVariantGroup section */

/* Begin XCBuildConfiguration section */
		9DFE1BB11D26D51600F80375 /* Debug */ = {
			isa = XCBuildConfiguration;
			buildSettings = {
				ALWAYS_SEARCH_USER_PATHS = NO;
				CLANG_ANALYZER_NONNULL = YES;
				CLANG_CXX_LANGUAGE_STANDARD = "gnu++0x";
				CLANG_CXX_LIBRARY = "libc++";
				CLANG_ENABLE_MODULES = YES;
				CLANG_ENABLE_OBJC_ARC = YES;
				CLANG_WARN_BOOL_CONVERSION = YES;
				CLANG_WARN_CONSTANT_CONVERSION = YES;
				CLANG_WARN_DIRECT_OBJC_ISA_USAGE = YES_ERROR;
				CLANG_WARN_EMPTY_BODY = YES;
				CLANG_WARN_ENUM_CONVERSION = YES;
				CLANG_WARN_INT_CONVERSION = YES;
				CLANG_WARN_OBJC_ROOT_CLASS = YES_ERROR;
				CLANG_WARN_UNREACHABLE_CODE = YES;
				CLANG_WARN__DUPLICATE_METHOD_MATCH = YES;
				"CODE_SIGN_IDENTITY[sdk=iphoneos*]" = "iPhone Developer";
				COPY_PHASE_STRIP = NO;
				DEBUG_INFORMATION_FORMAT = dwarf;
				ENABLE_STRICT_OBJC_MSGSEND = YES;
				ENABLE_TESTABILITY = YES;
				GCC_C_LANGUAGE_STANDARD = gnu99;
				GCC_DYNAMIC_NO_PIC = NO;
				GCC_NO_COMMON_BLOCKS = YES;
				GCC_OPTIMIZATION_LEVEL = 0;
				GCC_PREPROCESSOR_DEFINITIONS = (
					"DEBUG=1",
					"$(inherited)",
				);
				GCC_WARN_64_TO_32_BIT_CONVERSION = YES;
				GCC_WARN_ABOUT_RETURN_TYPE = YES_ERROR;
				GCC_WARN_UNDECLARED_SELECTOR = YES;
				GCC_WARN_UNINITIALIZED_AUTOS = YES_AGGRESSIVE;
				GCC_WARN_UNUSED_FUNCTION = YES;
				GCC_WARN_UNUSED_VARIABLE = YES;
				IPHONEOS_DEPLOYMENT_TARGET = 9.3;
				MTL_ENABLE_DEBUG_INFO = YES;
				ONLY_ACTIVE_ARCH = YES;
				SDKROOT = iphoneos;
				SWIFT_OPTIMIZATION_LEVEL = "-Onone";
				TARGETED_DEVICE_FAMILY = "1,2";
			};
			name = Debug;
		};
		9DFE1BB21D26D51600F80375 /* Release */ = {
			isa = XCBuildConfiguration;
			buildSettings = {
				ALWAYS_SEARCH_USER_PATHS = NO;
				CLANG_ANALYZER_NONNULL = YES;
				CLANG_CXX_LANGUAGE_STANDARD = "gnu++0x";
				CLANG_CXX_LIBRARY = "libc++";
				CLANG_ENABLE_MODULES = YES;
				CLANG_ENABLE_OBJC_ARC = YES;
				CLANG_WARN_BOOL_CONVERSION = YES;
				CLANG_WARN_CONSTANT_CONVERSION = YES;
				CLANG_WARN_DIRECT_OBJC_ISA_USAGE = YES_ERROR;
				CLANG_WARN_EMPTY_BODY = YES;
				CLANG_WARN_ENUM_CONVERSION = YES;
				CLANG_WARN_INT_CONVERSION = YES;
				CLANG_WARN_OBJC_ROOT_CLASS = YES_ERROR;
				CLANG_WARN_UNREACHABLE_CODE = YES;
				CLANG_WARN__DUPLICATE_METHOD_MATCH = YES;
				"CODE_SIGN_IDENTITY[sdk=iphoneos*]" = "iPhone Developer";
				COPY_PHASE_STRIP = NO;
				DEBUG_INFORMATION_FORMAT = "dwarf-with-dsym";
				ENABLE_NS_ASSERTIONS = NO;
				ENABLE_STRICT_OBJC_MSGSEND = YES;
				GCC_C_LANGUAGE_STANDARD = gnu99;
				GCC_NO_COMMON_BLOCKS = YES;
				GCC_WARN_64_TO_32_BIT_CONVERSION = YES;
				GCC_WARN_ABOUT_RETURN_TYPE = YES_ERROR;
				GCC_WARN_UNDECLARED_SELECTOR = YES;
				GCC_WARN_UNINITIALIZED_AUTOS = YES_AGGRESSIVE;
				GCC_WARN_UNUSED_FUNCTION = YES;
				GCC_WARN_UNUSED_VARIABLE = YES;
				IPHONEOS_DEPLOYMENT_TARGET = 9.3;
				MTL_ENABLE_DEBUG_INFO = NO;
				SDKROOT = iphoneos;
				TARGETED_DEVICE_FAMILY = "1,2";
				VALIDATE_PRODUCT = YES;
			};
			name = Release;
		};
		9DFE1BB41D26D51600F80375 /* Debug */ = {
			isa = XCBuildConfiguration;
			buildSettings = {
				ASSETCATALOG_COMPILER_APPICON_NAME = AppIcon;
				INFOPLIST_FILE = "$(SRCROOT)/Resources/Info.plist";
				LD_RUNPATH_SEARCH_PATHS = "$(inherited) @executable_path/Frameworks";
				PRODUCT_BUNDLE_IDENTIFIER = com.DevMountain.StudentList;
				PRODUCT_NAME = "$(TARGET_NAME)";
				SWIFT_VERSION = 3.0;
			};
			name = Debug;
		};
		9DFE1BB51D26D51600F80375 /* Release */ = {
			isa = XCBuildConfiguration;
			buildSettings = {
				ASSETCATALOG_COMPILER_APPICON_NAME = AppIcon;
				INFOPLIST_FILE = "$(SRCROOT)/Resources/Info.plist";
				LD_RUNPATH_SEARCH_PATHS = "$(inherited) @executable_path/Frameworks";
				PRODUCT_BUNDLE_IDENTIFIER = com.DevMountain.StudentList;
				PRODUCT_NAME = "$(TARGET_NAME)";
				SWIFT_VERSION = 3.0;
			};
			name = Release;
		};
/* End XCBuildConfiguration section */

/* Begin XCConfigurationList section */
		9DFE1B9C1D26D51600F80375 /* Build configuration list for PBXProject "StudentList" */ = {
			isa = XCConfigurationList;
			buildConfigurations = (
				9DFE1BB11D26D51600F80375 /* Debug */,
				9DFE1BB21D26D51600F80375 /* Release */,
			);
			defaultConfigurationIsVisible = 0;
			defaultConfigurationName = Release;
		};
		9DFE1BB31D26D51600F80375 /* Build configuration list for PBXNativeTarget "StudentList" */ = {
			isa = XCConfigurationList;
			buildConfigurations = (
				9DFE1BB41D26D51600F80375 /* Debug */,
				9DFE1BB51D26D51600F80375 /* Release */,
			);
			defaultConfigurationIsVisible = 0;
			defaultConfigurationName = Release;
		};
/* End XCConfigurationList section */
	};
	rootObject = 9DFE1B991D26D51600F80375 /* Project object */;
}
